
Microsoft Visual Studio Solution File, Format Version 12.00
# Visual Studio Version 16
VisualStudioVersion = 16.0.32630.194
MinimumVisualStudioVersion = 10.0.40219.1
Project("{9A19103F-16F7-4668-BE54-9A1E7A4F7556}") = "CursoMVC", "CursoMVC.csproj", "{38A50BF8-325E-4244-9A1B-6965916BC780}"
EndProject
Project("{9A19103F-16F7-4668-BE54-9A1E7A4F7556}") = "CursoAPI", "..\CursoAPI\CursoAPI.csproj", "{D7228A40-A4AE-46D9-85AB-3B022A946F37}"
EndProject
Project("{FAE04EC0-301F-11D3-BF4B-00C04F79EFBC}") = "CursoTeste", "..\CursoTeste\CursoTeste.csproj", "{B0E8D4B1-B617-4CAB-BED1-B99915268663}"
EndProject
Global
	GlobalSection(SolutionConfigurationPlatforms) = preSolution
		Debug|Any CPU = Debug|Any CPU
		Release|Any CPU = Release|Any CPU
	EndGlobalSection
	GlobalSection(ProjectConfigurationPlatforms) = postSolution
		{38A50BF8-325E-4244-9A1B-6965916BC780}.Debug|Any CPU.ActiveCfg = Debug|Any CPU
		{38A50BF8-325E-4244-9A1B-6965916BC780}.Debug|Any CPU.Build.0 = Debug|Any CPU
		{38A50BF8-325E-4244-9A1B-6965916BC780}.Release|Any CPU.ActiveCfg = Release|Any CPU
		{38A50BF8-325E-4244-9A1B-6965916BC780}.Release|Any CPU.Build.0 = Release|Any CPU
		{D7228A40-A4AE-46D9-85AB-3B022A946F37}.Debug|Any CPU.ActiveCfg = Debug|Any CPU
		{D7228A40-A4AE-46D9-85AB-3B022A946F37}.Debug|Any CPU.Build.0 = Debug|Any CPU
		{D7228A40-A4AE-46D9-85AB-3B022A946F37}.Release|Any CPU.ActiveCfg = Release|Any CPU
		{D7228A40-A4AE-46D9-85AB-3B022A946F37}.Release|Any CPU.Build.0 = Release|Any CPU
		{B0E8D4B1-B617-4CAB-BED1-B99915268663}.Debug|Any CPU.ActiveCfg = Debug|Any CPU
		{B0E8D4B1-B617-4CAB-BED1-B99915268663}.Debug|Any CPU.Build.0 = Debug|Any CPU
		{B0E8D4B1-B617-4CAB-BED1-B99915268663}.Release|Any CPU.ActiveCfg = Release|Any CPU
		{B0E8D4B1-B617-4CAB-BED1-B99915268663}.Release|Any CPU.Build.0 = Release|Any CPU
	EndGlobalSection
	GlobalSection(SolutionProperties) = preSolution
		HideSolutionNode = FALSE
	EndGlobalSection
	GlobalSection(ExtensibilityGlobals) = postSolution
		SolutionGuid = {EAB48E35-88DD-416B-BF3F-EEA2EAB5B1A6}
	EndGlobalSection
EndGlobal
